
Microsoft Visual Studio Solution File, Format Version 12.00
# Visual Studio Version 17
VisualStudioVersion = 17.8.34316.72
MinimumVisualStudioVersion = 10.0.40219.1
Project("{2150E333-8FDC-42A3-9474-1A3956D46DE8}") = "src", "src", "{90B29F26-DE24-44AD-998C-1846003F6428}"
EndProject
Project("{2150E333-8FDC-42A3-9474-1A3956D46DE8}") = "Core", "Core", "{E21F1833-4F19-4881-954F-A76A691A0ECF}"
EndProject
Project("{2150E333-8FDC-42A3-9474-1A3956D46DE8}") = "Infrastructure", "Infrastructure", "{8EEA5596-293D-48C7-97BF-9A2AFBF632CA}"
EndProject
Project("{2150E333-8FDC-42A3-9474-1A3956D46DE8}") = "Presentation", "Presentation", "{3280901D-CB3E-4D29-BBA5-B9DA485B1805}"
EndProject
Project("{FAE04EC0-301F-11D3-BF4B-00C04F79EFBC}") = "PATCHUB.AuthServer.Application", "PATCHUB.AuthServer.Application\PATCHUB.AuthServer.Application.csproj", "{0C53EBE2-64F6-4BB0-A66E-5F03282E32A5}"
EndProject
Project("{FAE04EC0-301F-11D3-BF4B-00C04F79EFBC}") = "PATCHUB.AuthServer.Domain", "PATCHUB.AuthServer.Domain\PATCHUB.AuthServer.Domain.csproj", "{CB17649C-51E0-4BEC-90A4-7BA18A7A940A}"
EndProject
Project("{FAE04EC0-301F-11D3-BF4B-00C04F79EFBC}") = "PATCHUB.AuthServer.Infrastructure", "PATCHUB.AuthServer.Infrastructure\PATCHUB.AuthServer.Infrastructure.csproj", "{0E6805CD-15C5-472E-B403-6D50F72DB94E}"
EndProject
Project("{FAE04EC0-301F-11D3-BF4B-00C04F79EFBC}") = "PATCHUB.AuthServer.Persistence", "PATCHUB.AuthServer.Persistence\PATCHUB.AuthServer.Persistence.csproj", "{BC4313BA-A0CF-426A-ACEB-5EA671FCAA20}"
EndProject
Project("{FAE04EC0-301F-11D3-BF4B-00C04F79EFBC}") = "PATCHUB.AuthServer.API", "PATCHUB.AuthServer.API\PATCHUB.AuthServer.API.csproj", "{0BE7E59B-A875-4C21-AD4B-DE329E3959FA}"
EndProject
Global
	GlobalSection(SolutionConfigurationPlatforms) = preSolution
		Debug|Any CPU = Debug|Any CPU
		Release|Any CPU = Release|Any CPU
	EndGlobalSection
	GlobalSection(ProjectConfigurationPlatforms) = postSolution
		{0C53EBE2-64F6-4BB0-A66E-5F03282E32A5}.Debug|Any CPU.ActiveCfg = Debug|Any CPU
		{0C53EBE2-64F6-4BB0-A66E-5F03282E32A5}.Debug|Any CPU.Build.0 = Debug|Any CPU
		{0C53EBE2-64F6-4BB0-A66E-5F03282E32A5}.Release|Any CPU.ActiveCfg = Release|Any CPU
		{0C53EBE2-64F6-4BB0-A66E-5F03282E32A5}.Release|Any CPU.Build.0 = Release|Any CPU
		{CB17649C-51E0-4BEC-90A4-7BA18A7A940A}.Debug|Any CPU.ActiveCfg = Debug|Any CPU
		{CB17649C-51E0-4BEC-90A4-7BA18A7A940A}.Debug|Any CPU.Build.0 = Debug|Any CPU
		{CB17649C-51E0-4BEC-90A4-7BA18A7A940A}.Release|Any CPU.ActiveCfg = Release|Any CPU
		{CB17649C-51E0-4BEC-90A4-7BA18A7A940A}.Release|Any CPU.Build.0 = Release|Any CPU
		{0E6805CD-15C5-472E-B403-6D50F72DB94E}.Debug|Any CPU.ActiveCfg = Debug|Any CPU
		{0E6805CD-15C5-472E-B403-6D50F72DB94E}.Debug|Any CPU.Build.0 = Debug|Any CPU
		{0E6805CD-15C5-472E-B403-6D50F72DB94E}.Release|Any CPU.ActiveCfg = Release|Any CPU
		{0E6805CD-15C5-472E-B403-6D50F72DB94E}.Release|Any CPU.Build.0 = Release|Any CPU
		{BC4313BA-A0CF-426A-ACEB-5EA671FCAA20}.Debug|Any CPU.ActiveCfg = Debug|Any CPU
		{BC4313BA-A0CF-426A-ACEB-5EA671FCAA20}.Debug|Any CPU.Build.0 = Debug|Any CPU
		{BC4313BA-A0CF-426A-ACEB-5EA671FCAA20}.Release|Any CPU.ActiveCfg = Release|Any CPU
		{BC4313BA-A0CF-426A-ACEB-5EA671FCAA20}.Release|Any CPU.Build.0 = Release|Any CPU
		{0BE7E59B-A875-4C21-AD4B-DE329E3959FA}.Debug|Any CPU.ActiveCfg = Debug|Any CPU
		{0BE7E59B-A875-4C21-AD4B-DE329E3959FA}.Debug|Any CPU.Build.0 = Debug|Any CPU
		{0BE7E59B-A875-4C21-AD4B-DE329E3959FA}.Release|Any CPU.ActiveCfg = Release|Any CPU
		{0BE7E59B-A875-4C21-AD4B-DE329E3959FA}.Release|Any CPU.Build.0 = Release|Any CPU
	EndGlobalSection
	GlobalSection(SolutionProperties) = preSolution
		HideSolutionNode = FALSE
	EndGlobalSection
	GlobalSection(NestedProjects) = preSolution
		{E21F1833-4F19-4881-954F-A76A691A0ECF} = {90B29F26-DE24-44AD-998C-1846003F6428}
		{8EEA5596-293D-48C7-97BF-9A2AFBF632CA} = {90B29F26-DE24-44AD-998C-1846003F6428}
		{3280901D-CB3E-4D29-BBA5-B9DA485B1805} = {90B29F26-DE24-44AD-998C-1846003F6428}
		{0C53EBE2-64F6-4BB0-A66E-5F03282E32A5} = {E21F1833-4F19-4881-954F-A76A691A0ECF}
		{CB17649C-51E0-4BEC-90A4-7BA18A7A940A} = {E21F1833-4F19-4881-954F-A76A691A0ECF}
		{0E6805CD-15C5-472E-B403-6D50F72DB94E} = {8EEA5596-293D-48C7-97BF-9A2AFBF632CA}
		{BC4313BA-A0CF-426A-ACEB-5EA671FCAA20} = {8EEA5596-293D-48C7-97BF-9A2AFBF632CA}
		{0BE7E59B-A875-4C21-AD4B-DE329E3959FA} = {3280901D-CB3E-4D29-BBA5-B9DA485B1805}
	EndGlobalSection
	GlobalSection(ExtensibilityGlobals) = postSolution
		SolutionGuid = {18F166D8-EBE2-43F1-9A97-9F207BBDD848}
	EndGlobalSection
EndGlobal
